
Microsoft Visual Studio Solution File, Format Version 12.00
# Visual Studio Version 17
VisualStudioVersion = 17.8.34316.72
MinimumVisualStudioVersion = 10.0.40219.1
Project("{FAE04EC0-301F-11D3-BF4B-00C04F79EFBC}") = "BanqueKGMF", "BanqueKGMF.csproj", "{522C8CC9-A116-40C2-8D60-CBCA46F1BF80}"
EndProject
Project("{FAE04EC0-301F-11D3-BF4B-00C04F79EFBC}") = "TestProject1", "..\TestProject1\TestProject1.csproj", "{78631A41-16F3-4EA2-B31B-010C20D4A4DA}"
EndProject
Global
	GlobalSection(SolutionConfigurationPlatforms) = preSolution
		Debug|Any CPU = Debug|Any CPU
		Release|Any CPU = Release|Any CPU
	EndGlobalSection
	GlobalSection(ProjectConfigurationPlatforms) = postSolution
		{522C8CC9-A116-40C2-8D60-CBCA46F1BF80}.Debug|Any CPU.ActiveCfg = Debug|Any CPU
		{522C8CC9-A116-40C2-8D60-CBCA46F1BF80}.Debug|Any CPU.Build.0 = Debug|Any CPU
		{522C8CC9-A116-40C2-8D60-CBCA46F1BF80}.Release|Any CPU.ActiveCfg = Release|Any CPU
		{522C8CC9-A116-40C2-8D60-CBCA46F1BF80}.Release|Any CPU.Build.0 = Release|Any CPU
		{78631A41-16F3-4EA2-B31B-010C20D4A4DA}.Debug|Any CPU.ActiveCfg = Debug|Any CPU
		{78631A41-16F3-4EA2-B31B-010C20D4A4DA}.Debug|Any CPU.Build.0 = Debug|Any CPU
		{78631A41-16F3-4EA2-B31B-010C20D4A4DA}.Release|Any CPU.ActiveCfg = Release|Any CPU
		{78631A41-16F3-4EA2-B31B-010C20D4A4DA}.Release|Any CPU.Build.0 = Release|Any CPU
	EndGlobalSection
	GlobalSection(SolutionProperties) = preSolution
		HideSolutionNode = FALSE
	EndGlobalSection
	GlobalSection(ExtensibilityGlobals) = postSolution
		SolutionGuid = {60EEB869-ABB5-4716-8B1A-658FC8716344}
	EndGlobalSection
EndGlobal
